PODS:
  - HomeModel (0.1.3):
    - XPRouter (~> 1.0.0)
  - PersonModel (0.1.1):
    - XPRouter (~> 1.0.0)
  - XPRouter (1.0.0)

DEPENDENCIES:
  - HomeModel
  - PersonModel
  - XPRouter (= 1.0.0)

SPEC REPOS:
  https://github.com/cocoapods/specs.git:
    - HomeModel
    - PersonModel
    - XPRouter

SPEC CHECKSUMS:
  HomeModel: 7baf1509dd0ee1c5dbeb2e61c27c5256d179e44c
  PersonModel: 97bd536509475e9104fc970a8bef94a6f2eb643b
  XPRouter: 5baa3ed494acaa2671fed0ab141839f97b8bb351

PODFILE CHECKSUM: e799353036d405c54749b89c12b9b2647b4dd482

COCOAPODS: 1.5.3
