PODS:
  - HomeModel (0.5.0):
    - XPRouter
    - XPRouterPath
  - PersonModel (0.2.1):
    - XPRouter
    - XPRouterPath
  - XPRouter (1.0.2)
  - XPRouterPath (0.1.1)

DEPENDENCIES:
  - HomeModel
  - PersonModel
  - XPRouter
  - XPRouterPath

SPEC REPOS:
  https://github.com/cocoapods/specs.git:
    - HomeModel
    - PersonModel
    - XPRouter
    - XPRouterPath

SPEC CHECKSUMS:
  HomeModel: 304c824a9f1d81fc0d3044e32556e2fc691458f9
  PersonModel: c15da4976c21963bbed4412194c173ddd86412b5
  XPRouter: 8fca56f6b7bf14c79574bf15a3c1ae60719c81d7
  XPRouterPath: 9608d55701ade1a152acd9d06f87df4b414edbe9

PODFILE CHECKSUM: 43398659b549b5bc98a887af2f7a8eabe5d5355c

COCOAPODS: 1.5.3
